// !$*UTF8*$!
{
	archiveVersion = 1;
	classes = {
	};
	objectVersion = 50;
	objects = {

/* Begin PBXBuildFile section */
		3B1D79FA235B5E9C00BB93DB /* AppDelegate.swift in Sources */ = {isa = PBXBuildFile; fileRef = 3B1D79F9235B5E9C00BB93DB /* AppDelegate.swift */; };
		3B1D79FC235B5E9C00BB93DB /* SceneDelegate.swift in Sources */ = {isa = PBXBuildFile; fileRef = 3B1D79FB235B5E9C00BB93DB /* SceneDelegate.swift */; };
		3B1D79FE235B5E9C00BB93DB /* ViewController.swift in Sources */ = {isa = PBXBuildFile; fileRef = 3B1D79FD235B5E9C00BB93DB /* ViewController.swift */; };
		3B1D7A01235B5E9C00BB93DB /* Main.storyboard in Resources */ = {isa = PBXBuildFile; fileRef = 3B1D79FF235B5E9C00BB93DB /* Main.storyboard */; };
		3B1D7A03235B5E9D00BB93DB /* Assets.xcassets in Resources */ = {isa = PBXBuildFile; fileRef = 3B1D7A02235B5E9D00BB93DB /* Assets.xcassets */; };
		3B1D7A06235B5E9D00BB93DB /* LaunchScreen.storyboard in Resources */ = {isa = PBXBuildFile; fileRef = 3B1D7A04235B5E9D00BB93DB /* LaunchScreen.storyboard */; };
		3B1D7A11235B5E9D00BB93DB /* ReleamExampleTests.swift in Sources */ = {isa = PBXBuildFile; fileRef = 3B1D7A10235B5E9D00BB93DB /* ReleamExampleTests.swift */; };
		3B1D7A1C235B5E9D00BB93DB /* ReleamExampleUITests.swift in Sources */ = {isa = PBXBuildFile; fileRef = 3B1D7A1B235B5E9D00BB93DB /* ReleamExampleUITests.swift */; };
		D945C434F6E1C23C285AC70C /* Pods_ReleamExample.framework in Frameworks */ = {isa = PBXBuildFile; fileRef = ECEFD5792EF9ABFB381FD481 /* Pods_ReleamExample.framework */; };
/* End PBXBuildFile section */

/* Begin PBXContainerItemProxy section */
		3B1D7A0D235B5E9D00BB93DB /* PBXContainerItemProxy */ = {
			isa = PBXContainerItemProxy;
			containerPortal = 3B1D79EE235B5E9C00BB93DB /* Project object */;
			proxyType = 1;
			remoteGlobalIDString = 3B1D79F5235B5E9C00BB93DB;
			remoteInfo = ReleamExample;
		};
		3B1D7A18235B5E9D00BB93DB /* PBXContainerItemProxy */ = {
			isa = PBXContainerItemProxy;
			containerPortal = 3B1D79EE235B5E9C00BB93DB /* Project object */;
			proxyType = 1;
			remoteGlobalIDString = 3B1D79F5235B5E9C00BB93DB;
			remoteInfo = ReleamExample;
		};
/* End PBXContainerItemProxy section */

/* Begin PBXFileReference section */
		3B1D79F6235B5E9C00BB93DB /* ReleamExample.app */ = {isa = PBXFileReference; explicitFileType = wrapper.application; includeInIndex = 0; path = ReleamExample.app; sourceTree = BUILT_PRODUCTS_DIR; };
		3B1D79F9235B5E9C00BB93DB /* AppDelegate.swift */ = {isa = PBXFileReference; lastKnownFileType = sourcecode.swift; path = AppDelegate.swift; sourceTree = "<group>"; };
		3B1D79FB235B5E9C00BB93DB /* SceneDelegate.swift */ = {isa = PBXFileReference; lastKnownFileType = sourcecode.swift; path = SceneDelegate.swift; sourceTree = "<group>"; };
		3B1D79FD235B5E9C00BB93DB /* ViewController.swift */ = {isa = PBXFileReference; lastKnownFileType = sourcecode.swift; path = ViewController.swift; sourceTree = "<group>"; };
		3B1D7A00235B5E9C00BB93DB /* Base */ = {isa = PBXFileReference; lastKnownFileType = file.storyboard; name = Base; path = Base.lproj/Main.storyboard; sourceTree = "<group>"; };
		3B1D7A02235B5E9D00BB93DB /* Assets.xcassets */ = {isa = PBXFileReference; lastKnownFileType = folder.assetcatalog; path = Assets.xcassets; sourceTree = "<group>"; };
		3B1D7A05235B5E9D00BB93DB /* Base */ = {isa = PBXFileReference; lastKnownFileType = file.storyboard; name = Base; path = Base.lproj/LaunchScreen.storyboard; sourceTree = "<group>"; };
		3B1D7A07235B5E9D00BB93DB /* Info.plist */ = {isa = PBXFileReference; lastKnownFileType = text.plist.xml; path = Info.plist; sourceTree = "<group>"; };
		3B1D7A0C235B5E9D00BB93DB /* ReleamExampleTests.xctest */ = {isa = PBXFileReference; explicitFileType = wrapper.cfbundle; includeInIndex = 0; path = ReleamExampleTests.xctest; sourceTree = BUILT_PRODUCTS_DIR; };
		3B1D7A10235B5E9D00BB93DB /* ReleamExampleTests.swift */ = {isa = PBXFileReference; lastKnownFileType = sourcecode.swift; path = ReleamExampleTests.swift; sourceTree = "<group>"; };
		3B1D7A12235B5E9D00BB93DB /* Info.plist */ = {isa = PBXFileReference; lastKnownFileType = text.plist.xml; path = Info.plist; sourceTree = "<group>"; };
		3B1D7A17235B5E9D00BB93DB /* ReleamExampleUITests.xctest */ = {isa = PBXFileReference; explicitFileType = wrapper.cfbundle; includeInIndex = 0; path = ReleamExampleUITests.xctest; sourceTree = BUILT_PRODUCTS_DIR; };
		3B1D7A1B235B5E9D00BB93DB /* ReleamExampleUITests.swift */ = {isa = PBXFileReference; lastKnownFileType = sourcecode.swift; path = ReleamExampleUITests.swift; sourceTree = "<group>"; };
		3B1D7A1D235B5E9D00BB93DB /* Info.plist */ = {isa = PBXFileReference; lastKnownFileType = text.plist.xml; path = Info.plist; sourceTree = "<group>"; };
		4DD5600AD3368E80D6E8B13F /* Pods-ReleamExample.debug.xcconfig */ = {isa = PBXFileReference; includeInIndex = 1; lastKnownFileType = text.xcconfig; name = "Pods-ReleamExample.debug.xcconfig"; path = "Target Support Files/Pods-ReleamExample/Pods-ReleamExample.debug.xcconfig"; sourceTree = "<group>"; };
		ECEFD5792EF9ABFB381FD481 /* Pods_ReleamExample.framework */ = {isa = PBXFileReference; explicitFileType = wrapper.framework; includeInIndex = 0; path = Pods_ReleamExample.framework; sourceTree = BUILT_PRODUCTS_DIR; };
		F064B4E8AFDAFC8DEA218C7B /* Pods-ReleamExample.release.xcconfig */ = {isa = PBXFileReference; includeInIndex = 1; lastKnownFileType = text.xcconfig; name = "Pods-ReleamExample.release.xcconfig"; path = "Target Support Files/Pods-ReleamExample/Pods-ReleamExample.release.xcconfig"; sourceTree = "<group>"; };
/* End PBXFileReference section */

/* Begin PBXFrameworksBuildPhase section */
		3B1D79F3235B5E9C00BB93DB /* Frameworks */ = {
			isa = PBXFrameworksBuildPhase;
			buildActionMask = 2147483647;
			files = (
				D945C434F6E1C23C285AC70C /* Pods_ReleamExample.framework in Frameworks */,
			);
			runOnlyForDeploymentPostprocessing = 0;
		};
		3B1D7A09235B5E9D00BB93DB /* Frameworks */ = {
			isa = PBXFrameworksBuildPhase;
			buildActionMask = 2147483647;
			files = (
			);
			runOnlyForDeploymentPostprocessing = 0;
		};
		3B1D7A14235B5E9D00BB93DB /* Frameworks */ = {
			isa = PBXFrameworksBuildPhase;
			buildActionMask = 2147483647;
			files = (
			);
			runOnlyForDeploymentPostprocessing = 0;
		};
/* End PBXFrameworksBuildPhase section */

/* Begin PBXGroup section */
		317E50D346FA87F0BC51B6E8 /* Frameworks */ = {
			isa = PBXGroup;
			children = (
				ECEFD5792EF9ABFB381FD481 /* Pods_ReleamExample.framework */,
			);
			name = Frameworks;
			sourceTree = "<group>";
		};
		3B1D79ED235B5E9C00BB93DB = {
			isa = PBXGroup;
			children = (
				3B1D79F8235B5E9C00BB93DB /* ReleamExample */,
				3B1D7A0F235B5E9D00BB93DB /* ReleamExampleTests */,
				3B1D7A1A235B5E9D00BB93DB /* ReleamExampleUITests */,
				3B1D79F7235B5E9C00BB93DB /* Products */,
				73710AC15EC7E2FDF4D93076 /* Pods */,
				317E50D346FA87F0BC51B6E8 /* Frameworks */,
			);
			sourceTree = "<group>";
		};
		3B1D79F7235B5E9C00BB93DB /* Products */ = {
			isa = PBXGroup;
			children = (
				3B1D79F6235B5E9C00BB93DB /* ReleamExample.app */,
				3B1D7A0C235B5E9D00BB93DB /* ReleamExampleTests.xctest */,
				3B1D7A17235B5E9D00BB93DB /* ReleamExampleUITests.xctest */,
			);
			name = Products;
			sourceTree = "<group>";
		};
		3B1D79F8235B5E9C00BB93DB /* ReleamExample */ = {
			isa = PBXGroup;
			children = (
				3B1D79F9235B5E9C00BB93DB /* AppDelegate.swift */,
				3B1D79FB235B5E9C00BB93DB /* SceneDelegate.swift */,
				3B1D79FD235B5E9C00BB93DB /* ViewController.swift */,
				3B1D79FF235B5E9C00BB93DB /* Main.storyboard */,
				3B1D7A02235B5E9D00BB93DB /* Assets.xcassets */,
				3B1D7A04235B5E9D00BB93DB /* LaunchScreen.storyboard */,
				3B1D7A07235B5E9D00BB93DB /* Info.plist */,
			);
			path = ReleamExample;
			sourceTree = "<group>";
		};
		3B1D7A0F235B5E9D00BB93DB /* ReleamExampleTests */ = {
			isa = PBXGroup;
			children = (
				3B1D7A10235B5E9D00BB93DB /* ReleamExampleTests.swift */,
				3B1D7A12235B5E9D00BB93DB /* Info.plist */,
			);
			path = ReleamExampleTests;
			sourceTree = "<group>";
		};
		3B1D7A1A235B5E9D00BB93DB /* ReleamExampleUITests */ = {
			isa = PBXGroup;
			children = (
				3B1D7A1B235B5E9D00BB93DB /* ReleamExampleUITests.swift */,
				3B1D7A1D235B5E9D00BB93DB /* Info.plist */,
			);
			path = ReleamExampleUITests;
			sourceTree = "<group>";
		};
		73710AC15EC7E2FDF4D93076 /* Pods */ = {
			isa = PBXGroup;
			children = (
				4DD5600AD3368E80D6E8B13F /* Pods-ReleamExample.debug.xcconfig */,
				F064B4E8AFDAFC8DEA218C7B /* Pods-ReleamExample.release.xcconfig */,
			);
			name = Pods;
			path = Pods;
			sourceTree = "<group>";
		};
/* End PBXGroup section */

/* Begin PBXNativeTarget section */
		3B1D79F5235B5E9C00BB93DB /* ReleamExample */ = {
			isa = PBXNativeTarget;
			buildConfigurationList = 3B1D7A20235B5E9D00BB93DB /* Build configuration list for PBXNativeTarget "ReleamExample" */;
			buildPhases = (
				05919496BE9F71484D983A43 /* [CP] Check Pods Manifest.lock */,
				3B1D79F2235B5E9C00BB93DB /* Sources */,
				3B1D79F3235B5E9C00BB93DB /* Frameworks */,
				3B1D79F4235B5E9C00BB93DB /* Resources */,
				C419560D4ACCBB0377985296 /* [CP] Embed Pods Frameworks */,
			);
			buildRules = (
			);
			dependencies = (
			);
			name = ReleamExample;
			productName = ReleamExample;
			productReference = 3B1D79F6235B5E9C00BB93DB /* ReleamExample.app */;
			productType = "com.apple.product-type.application";
		};
		3B1D7A0B235B5E9D00BB93DB /* ReleamExampleTests */ = {
			isa = PBXNativeTarget;
			buildConfigurationList = 3B1D7A23235B5E9D00BB93DB /* Build configuration list for PBXNativeTarget "ReleamExampleTests" */;
			buildPhases = (
				3B1D7A08235B5E9D00BB93DB /* Sources */,
				3B1D7A09235B5E9D00BB93DB /* Frameworks */,
				3B1D7A0A235B5E9D00BB93DB /* Resources */,
			);
			buildRules = (
			);
			dependencies = (
				3B1D7A0E235B5E9D00BB93DB /* PBXTargetDependency */,
			);
			name = ReleamExampleTests;
			productName = ReleamExampleTests;
			productReference = 3B1D7A0C235B5E9D00BB93DB /* ReleamExampleTests.xctest */;
			productType = "com.apple.product-type.bundle.unit-test";
		};
		3B1D7A16235B5E9D00BB93DB /* ReleamExampleUITests */ = {
			isa = PBXNativeTarget;
			buildConfigurationList = 3B1D7A26235B5E9D00BB93DB /* Build configuration list for PBXNativeTarget "ReleamExampleUITests" */;
			buildPhases = (
				3B1D7A13235B5E9D00BB93DB /* Sources */,
				3B1D7A14235B5E9D00BB93DB /* Frameworks */,
				3B1D7A15235B5E9D00BB93DB /* Resources */,
			);
			buildRules = (
			);
			dependencies = (
				3B1D7A19235B5E9D00BB93DB /* PBXTargetDependency */,
			);
			name = ReleamExampleUITests;
			productName = ReleamExampleUITests;
			productReference = 3B1D7A17235B5E9D00BB93DB /* ReleamExampleUITests.xctest */;
			productType = "com.apple.product-type.bundle.ui-testing";
		};
/* End PBXNativeTarget section */

/* Begin PBXProject section */
		3B1D79EE235B5E9C00BB93DB /* Project object */ = {
			isa = PBXProject;
			attributes = {
				LastSwiftUpdateCheck = 1100;
				LastUpgradeCheck = 1100;
				ORGANIZATIONNAME = "Yasser Mabrouk ";
				TargetAttributes = {
					3B1D79F5235B5E9C00BB93DB = {
						CreatedOnToolsVersion = 11.0;
					};
					3B1D7A0B235B5E9D00BB93DB = {
						CreatedOnToolsVersion = 11.0;
						TestTargetID = 3B1D79F5235B5E9C00BB93DB;
					};
					3B1D7A16235B5E9D00BB93DB = {
						CreatedOnToolsVersion = 11.0;
						TestTargetID = 3B1D79F5235B5E9C00BB93DB;
					};
				};
			};
			buildConfigurationList = 3B1D79F1235B5E9C00BB93DB /* Build configuration list for PBXProject "ReleamExample" */;
			compatibilityVersion = "Xcode 9.3";
			developmentRegion = en;
			hasScannedForEncodings = 0;
			knownRegions = (
				en,
				Base,
			);
			mainGroup = 3B1D79ED235B5E9C00BB93DB;
			productRefGroup = 3B1D79F7235B5E9C00BB93DB /* Products */;
			projectDirPath = "";
			projectRoot = "";
			targets = (
				3B1D79F5235B5E9C00BB93DB /* ReleamExample */,
				3B1D7A0B235B5E9D00BB93DB /* ReleamExampleTests */,
				3B1D7A16235B5E9D00BB93DB /* ReleamExampleUITests */,
			);
		};
/* End PBXProject section */

/* Begin PBXResourcesBuildPhase section */
		3B1D79F4235B5E9C00BB93DB /* Resources */ = {
			isa = PBXResourcesBuildPhase;
			buildActionMask = 2147483647;
			files = (
				3B1D7A06235B5E9D00BB93DB /* LaunchScreen.storyboard in Resources */,
				3B1D7A03235B5E9D00BB93DB /* Assets.xcassets in Resources */,
				3B1D7A01235B5E9C00BB93DB /* Main.storyboard in Resources */,
			);
			runOnlyForDeploymentPostprocessing = 0;
		};
		3B1D7A0A235B5E9D00BB93DB /* Resources */ = {
			isa = PBXResourcesBuildPhase;
			buildActionMask = 2147483647;
			files = (
			);
			runOnlyForDeploymentPostprocessing = 0;
		};
		3B1D7A15235B5E9D00BB93DB /* Resources */ = {
			isa = PBXResourcesBuildPhase;
			buildActionMask = 2147483647;
			files = (
			);
			runOnlyForDeploymentPostprocessing = 0;
		};
/* End PBXResourcesBuildPhase section */

/* Begin PBXShellScriptBuildPhase section */
		05919496BE9F71484D983A43 /* [CP] Check Pods Manifest.lock */ = {
			isa = PBXShellScriptBuildPhase;
			buildActionMask = 2147483647;
			files = (
			);
			inputFileListPaths = (
			);
			inputPaths = (
				"${PODS_PODFILE_DIR_PATH}/Podfile.lock",
				"${PODS_ROOT}/Manifest.lock",
			);
			name = "[CP] Check Pods Manifest.lock";
			outputFileListPaths = (
			);
			outputPaths = (
				"$(DERIVED_FILE_DIR)/Pods-ReleamExample-checkManifestLockResult.txt",
			);
			runOnlyForDeploymentPostprocessing = 0;
			shellPath = /bin/sh;
			shellScript = "diff \"${PODS_PODFILE_DIR_PATH}/Podfile.lock\" \"${PODS_ROOT}/Manifest.lock\" > /dev/null\nif [ $? != 0 ] ; then\n    # print error to STDERR\n    echo \"error: The sandbox is not in sync with the Podfile.lock. Run 'pod install' or update your CocoaPods installation.\" >&2\n    exit 1\nfi\n# This output is used by Xcode 'outputs' to avoid re-running this script phase.\necho \"SUCCESS\" > \"${SCRIPT_OUTPUT_FILE_0}\"\n";
			showEnvVarsInLog = 0;
		};
		C419560D4ACCBB0377985296 /* [CP] Embed Pods Frameworks */ = {
			isa = PBXShellScriptBuildPhase;
			buildActionMask = 2147483647;
			files = (
			);
			inputFileListPaths = (
				"${PODS_ROOT}/Target Support Files/Pods-ReleamExample/Pods-ReleamExample-frameworks-${CONFIGURATION}-input-files.xcfilelist",
			);
			name = "[CP] Embed Pods Frameworks";
			outputFileListPaths = (
				"${PODS_ROOT}/Target Support Files/Pods-ReleamExample/Pods-ReleamExample-frameworks-${CONFIGURATION}-output-files.xcfilelist",
			);
			runOnlyForDeploymentPostprocessing = 0;
			shellPath = /bin/sh;
			shellScript = "\"${PODS_ROOT}/Target Support Files/Pods-ReleamExample/Pods-ReleamExample-frameworks.sh\"\n";
			showEnvVarsInLog = 0;
		};
/* End PBXShellScriptBuildPhase section */

/* Begin PBXSourcesBuildPhase section */
		3B1D79F2235B5E9C00BB93DB /* Sources */ = {
			isa = PBXSourcesBuildPhase;
			buildActionMask = 2147483647;
			files = (
				3B1D79FE235B5E9C00BB93DB /* ViewController.swift in Sources */,
				3B1D79FA235B5E9C00BB93DB /* AppDelegate.swift in Sources */,
				3B1D79FC235B5E9C00BB93DB /* SceneDelegate.swift in Sources */,
			);
			runOnlyForDeploymentPostprocessing = 0;
		};
		3B1D7A08235B5E9D00BB93DB /* Sources */ = {
			isa = PBXSourcesBuildPhase;
			buildActionMask = 2147483647;
			files = (
				3B1D7A11235B5E9D00BB93DB /* ReleamExampleTests.swift in Sources */,
			);
			runOnlyForDeploymentPostprocessing = 0;
		};
		3B1D7A13235B5E9D00BB93DB /* Sources */ = {
			isa = PBXSourcesBuildPhase;
			buildActionMask = 2147483647;
			files = (
				3B1D7A1C235B5E9D00BB93DB /* ReleamExampleUITests.swift in Sources */,
			);
			runOnlyForDeploymentPostprocessing = 0;
		};
/* End PBXSourcesBuildPhase section */

/* Begin PBXTargetDependency section */
		3B1D7A0E235B5E9D00BB93DB /* PBXTargetDependency */ = {
			isa = PBXTargetDependency;
			target = 3B1D79F5235B5E9C00BB93DB /* ReleamExample */;
			targetProxy = 3B1D7A0D235B5E9D00BB93DB /* PBXContainerItemProxy */;
		};
		3B1D7A19235B5E9D00BB93DB /* PBXTargetDependency */ = {
			isa = PBXTargetDependency;
			target = 3B1D79F5235B5E9C00BB93DB /* ReleamExample */;
			targetProxy = 3B1D7A18235B5E9D00BB93DB /* PBXContainerItemProxy */;
		};
/* End PBXTargetDependency section */

/* Begin PBXVariantGroup section */
		3B1D79FF235B5E9C00BB93DB /* Main.storyboard */ = {
			isa = PBXVariantGroup;
			children = (
				3B1D7A00235B5E9C00BB93DB /* Base */,
			);
			name = Main.storyboard;
			sourceTree = "<group>";
		};
		3B1D7A04235B5E9D00BB93DB /* LaunchScreen.storyboard */ = {
			isa = PBXVariantGroup;
			children = (
				3B1D7A05235B5E9D00BB93DB /* Base */,
			);
			name = LaunchScreen.storyboard;
			sourceTree = "<group>";
		};
/* End PBXVariantGroup section */

/* Begin XCBuildConfiguration section */
		3B1D7A1E235B5E9D00BB93DB /* Debug */ = {
			isa = XCBuildConfiguration;
			buildSettings = {
				ALWAYS_SEARCH_USER_PATHS = NO;
				CLANG_ANALYZER_NONNULL = YES;
				CLANG_ANALYZER_NUMBER_OBJECT_CONVERSION = YES_AGGRESSIVE;
				CLANG_CXX_LANGUAGE_STANDARD = "gnu++14";
				CLANG_CXX_LIBRARY = "libc++";
				CLANG_ENABLE_MODULES = YES;
				CLANG_ENABLE_OBJC_ARC = YES;
				CLANG_ENABLE_OBJC_WEAK = YES;
				CLANG_WARN_BLOCK_CAPTURE_AUTORELEASING = YES;
				CLANG_WARN_BOOL_CONVERSION = YES;
				CLANG_WARN_COMMA = YES;
				CLANG_WARN_CONSTANT_CONVERSION = YES;
				CLANG_WARN_DEPRECATED_OBJC_IMPLEMENTATIONS = YES;
				CLANG_WARN_DIRECT_OBJC_ISA_USAGE = YES_ERROR;
				CLANG_WARN_DOCUMENTATION_COMMENTS = YES;
				CLANG_WARN_EMPTY_BODY = YES;
				CLANG_WARN_ENUM_CONVERSION = YES;
				CLANG_WARN_INFINITE_RECURSION = YES;
				CLANG_WARN_INT_CONVERSION = YES;
				CLANG_WARN_NON_LITERAL_NULL_CONVERSION = YES;
				CLANG_WARN_OBJC_IMPLICIT_RETAIN_SELF = YES;
				CLANG_WARN_OBJC_LITERAL_CONVERSION = YES;
				CLANG_WARN_OBJC_ROOT_CLASS = YES_ERROR;
				CLANG_WARN_RANGE_LOOP_ANALYSIS = YES;
				CLANG_WARN_STRICT_PROTOTYPES = YES;
				CLANG_WARN_SUSPICIOUS_MOVE = YES;
				CLANG_WARN_UNGUARDED_AVAILABILITY = YES_AGGRESSIVE;
				CLANG_WARN_UNREACHABLE_CODE = YES;
				CLANG_WARN__DUPLICATE_METHOD_MATCH = YES;
				COPY_PHASE_STRIP = NO;
				DEBUG_INFORMATION_FORMAT = dwarf;
				ENABLE_STRICT_OBJC_MSGSEND = YES;
				ENABLE_TESTABILITY = YES;
				GCC_C_LANGUAGE_STANDARD = gnu11;
				GCC_DYNAMIC_NO_PIC = NO;
				GCC_NO_COMMON_BLOCKS = YES;
				GCC_OPTIMIZATION_LEVEL = 0;
				GCC_PREPROCESSOR_DEFINITIONS = (
					"DEBUG=1",
					"$(inherited)",
				);
				GCC_WARN_64_TO_32_BIT_CONVERSION = YES;
				GCC_WARN_ABOUT_RETURN_TYPE = YES_ERROR;
				GCC_WARN_UNDECLARED_SELECTOR = YES;
				GCC_WARN_UNINITIALIZED_AUTOS = YES_AGGRESSIVE;
				GCC_WARN_UNUSED_FUNCTION = YES;
				GCC_WARN_UNUSED_VARIABLE = YES;
				IPHONEOS_DEPLOYMENT_TARGET = 13.0;
				MTL_ENABLE_DEBUG_INFO = INCLUDE_SOURCE;
				MTL_FAST_MATH = YES;
				ONLY_ACTIVE_ARCH = YES;
				SDKROOT = iphoneos;
				SWIFT_ACTIVE_COMPILATION_CONDITIONS = DEBUG;
				SWIFT_OPTIMIZATION_LEVEL = "-Onone";
			};
			name = Debug;
		};
		3B1D7A1F235B5E9D00BB93DB /* Release */ = {
			isa = XCBuildConfiguration;
			buildSettings = {
				ALWAYS_SEARCH_USER_PATHS = NO;
				CLANG_ANALYZER_NONNULL = YES;
				CLANG_ANALYZER_NUMBER_OBJECT_CONVERSION = YES_AGGRESSIVE;
				CLANG_CXX_LANGUAGE_STANDARD = "gnu++14";
				CLANG_CXX_LIBRARY = "libc++";
				CLANG_ENABLE_MODULES = YES;
				CLANG_ENABLE_OBJC_ARC = YES;
				CLANG_ENABLE_OBJC_WEAK = YES;
				CLANG_WARN_BLOCK_CAPTURE_AUTORELEASING = YES;
				CLANG_WARN_BOOL_CONVERSION = YES;
				CLANG_WARN_COMMA = YES;
				CLANG_WARN_CONSTANT_CONVERSION = YES;
				CLANG_WARN_DEPRECATED_OBJC_IMPLEMENTATIONS = YES;
				CLANG_WARN_DIRECT_OBJC_ISA_USAGE = YES_ERROR;
				CLANG_WARN_DOCUMENTATION_COMMENTS = YES;
				CLANG_WARN_EMPTY_BODY = YES;
				CLANG_WARN_ENUM_CONVERSION = YES;
				CLANG_WARN_INFINITE_RECURSION = YES;
				CLANG_WARN_INT_CONVERSION = YES;
				CLANG_WARN_NON_LITERAL_NULL_CONVERSION = YES;
				CLANG_WARN_OBJC_IMPLICIT_RETAIN_SELF = YES;
				CLANG_WARN_OBJC_LITERAL_CONVERSION = YES;
				CLANG_WARN_OBJC_ROOT_CLASS = YES_ERROR;
				CLANG_WARN_RANGE_LOOP_ANALYSIS = YES;
				CLANG_WARN_STRICT_PROTOTYPES = YES;
				CLANG_WARN_SUSPICIOUS_MOVE = YES;
				CLANG_WARN_UNGUARDED_AVAILABILITY = YES_AGGRESSIVE;
				CLANG_WARN_UNREACHABLE_CODE = YES;
				CLANG_WARN__DUPLICATE_METHOD_MATCH = YES;
				COPY_PHASE_STRIP = NO;
				DEBUG_INFORMATION_FORMAT = "dwarf-with-dsym";
				ENABLE_NS_ASSERTIONS = NO;
				ENABLE_STRICT_OBJC_MSGSEND = YES;
				GCC_C_LANGUAGE_STANDARD = gnu11;
				GCC_NO_COMMON_BLOCKS = YES;
				GCC_WARN_64_TO_32_BIT_CONVERSION = YES;
				GCC_WARN_ABOUT_RETURN_TYPE = YES_ERROR;
				GCC_WARN_UNDECLARED_SELECTOR = YES;
				GCC_WARN_UNINITIALIZED_AUTOS = YES_AGGRESSIVE;
				GCC_WARN_UNUSED_FUNCTION = YES;
				GCC_WARN_UNUSED_VARIABLE = YES;
				IPHONEOS_DEPLOYMENT_TARGET = 13.0;
				MTL_ENABLE_DEBUG_INFO = NO;
				MTL_FAST_MATH = YES;
				SDKROOT = iphoneos;
				SWIFT_COMPILATION_MODE = wholemodule;
				SWIFT_OPTIMIZATION_LEVEL = "-O";
				VALIDATE_PRODUCT = YES;
			};
			name = Release;
		};
		3B1D7A21235B5E9D00BB93DB /* Debug */ = {
			isa = XCBuildConfiguration;
			baseConfigurationReference = 4DD5600AD3368E80D6E8B13F /* Pods-ReleamExample.debug.xcconfig */;
			buildSettings = {
				ASSETCATALOG_COMPILER_APPICON_NAME = AppIcon;
				CODE_SIGN_STYLE = Automatic;
				INFOPLIST_FILE = ReleamExample/Info.plist;
				LD_RUNPATH_SEARCH_PATHS = (
					"$(inherited)",
					"@executable_path/Frameworks",
				);
				PRODUCT_BUNDLE_IDENTIFIER = com.yasser.ReleamExample;
				PRODUCT_NAME = "$(TARGET_NAME)";
				SWIFT_VERSION = 5.0;
				TARGETED_DEVICE_FAMILY = "1,2";
			};
			name = Debug;
		};
		3B1D7A22235B5E9D00BB93DB /* Release */ = {
			isa = XCBuildConfiguration;
			baseConfigurationReference = F064B4E8AFDAFC8DEA218C7B /* Pods-ReleamExample.release.xcconfig */;
			buildSettings = {
				ASSETCATALOG_COMPILER_APPICON_NAME = AppIcon;
				CODE_SIGN_STYLE = Automatic;
				INFOPLIST_FILE = ReleamExample/Info.plist;
				LD_RUNPATH_SEARCH_PATHS = (
					"$(inherited)",
					"@executable_path/Frameworks",
				);
				PRODUCT_BUNDLE_IDENTIFIER = com.yasser.ReleamExample;
				PRODUCT_NAME = "$(TARGET_NAME)";
				SWIFT_VERSION = 5.0;
				TARGETED_DEVICE_FAMILY = "1,2";
			};
			name = Release;
		};
		3B1D7A24235B5E9D00BB93DB /* Debug */ = {
			isa = XCBuildConfiguration;
			buildSettings = {
				ALWAYS_EMBED_SWIFT_STANDARD_LIBRARIES = YES;
				BUNDLE_LOADER = "$(TEST_HOST)";
				CODE_SIGN_STYLE = Automatic;
				INFOPLIST_FILE = ReleamExampleTests/Info.plist;
				IPHONEOS_DEPLOYMENT_TARGET = 13.0;
				LD_RUNPATH_SEARCH_PATHS = (
					"$(inherited)",
					"@executable_path/Frameworks",
					"@loader_path/Frameworks",
				);
				PRODUCT_BUNDLE_IDENTIFIER = com.yasser.ReleamExampleTests;
				PRODUCT_NAME = "$(TARGET_NAME)";
				SWIFT_VERSION = 5.0;
				TARGETED_DEVICE_FAMILY = "1,2";
				TEST_HOST = "$(BUILT_PRODUCTS_DIR)/ReleamExample.app/ReleamExample";
			};
			name = Debug;
		};
		3B1D7A25235B5E9D00BB93DB /* Release */ = {
			isa = XCBuildConfiguration;
			buildSettings = {
				ALWAYS_EMBED_SWIFT_STANDARD_LIBRARIES = YES;
				BUNDLE_LOADER = "$(TEST_HOST)";
				CODE_SIGN_STYLE = Automatic;
				INFOPLIST_FILE = ReleamExampleTests/Info.plist;
				IPHONEOS_DEPLOYMENT_TARGET = 13.0;
				LD_RUNPATH_SEARCH_PATHS = (
					"$(inherited)",
					"@executable_path/Frameworks",
					"@loader_path/Frameworks",
				);
				PRODUCT_BUNDLE_IDENTIFIER = com.yasser.ReleamExampleTests;
				PRODUCT_NAME = "$(TARGET_NAME)";
				SWIFT_VERSION = 5.0;
				TARGETED_DEVICE_FAMILY = "1,2";
				TEST_HOST = "$(BUILT_PRODUCTS_DIR)/ReleamExample.app/ReleamExample";
			};
			name = Release;
		};
		3B1D7A27235B5E9D00BB93DB /* Debug */ = {
			isa = XCBuildConfiguration;
			buildSettings = {
				ALWAYS_EMBED_SWIFT_STANDARD_LIBRARIES = YES;
				CODE_SIGN_STYLE = Automatic;
				INFOPLIST_FILE = ReleamExampleUITests/Info.plist;
				LD_RUNPATH_SEARCH_PATHS = (
					"$(inherited)",
					"@executable_path/Frameworks",
					"@loader_path/Frameworks",
				);
				PRODUCT_BUNDLE_IDENTIFIER = com.yasser.ReleamExampleUITests;
				PRODUCT_NAME = "$(TARGET_NAME)";
				SWIFT_VERSION = 5.0;
				TARGETED_DEVICE_FAMILY = "1,2";
				TEST_TARGET_NAME = ReleamExample;
			};
			name = Debug;
		};
		3B1D7A28235B5E9D00BB93DB /* Release */ = {
			isa = XCBuildConfiguration;
			buildSettings = {
				ALWAYS_EMBED_SWIFT_STANDARD_LIBRARIES = YES;
				CODE_SIGN_STYLE = Automatic;
				INFOPLIST_FILE = ReleamExampleUITests/Info.plist;
				LD_RUNPATH_SEARCH_PATHS = (
					"$(inherited)",
					"@executable_path/Frameworks",
					"@loader_path/Frameworks",
				);
				PRODUCT_BUNDLE_IDENTIFIER = com.yasser.ReleamExampleUITests;
				PRODUCT_NAME = "$(TARGET_NAME)";
				SWIFT_VERSION = 5.0;
				TARGETED_DEVICE_FAMILY = "1,2";
				TEST_TARGET_NAME = ReleamExample;
			};
			name = Release;
		};
/* End XCBuildConfiguration section */

/* Begin XCConfigurationList section */
		3B1D79F1235B5E9C00BB93DB /* Build configuration list for PBXProject "ReleamExample" */ = {
			isa = XCConfigurationList;
			buildConfigurations = (
				3B1D7A1E235B5E9D00BB93DB /* Debug */,
				3B1D7A1F235B5E9D00BB93DB /* Release */,
			);
			defaultConfigurationIsVisible = 0;
			defaultConfigurationName = Release;
		};
		3B1D7A20235B5E9D00BB93DB /* Build configuration list for PBXNativeTarget "ReleamExample" */ = {
			isa = XCConfigurationList;
			buildConfigurations = (
				3B1D7A21235B5E9D00BB93DB /* Debug */,
				3B1D7A22235B5E9D00BB93DB /* Release */,
			);
			defaultConfigurationIsVisible = 0;
			defaultConfigurationName = Release;
		};
		3B1D7A23235B5E9D00BB93DB /* Build configuration list for PBXNativeTarget "ReleamExampleTests" */ = {
			isa = XCConfigurationList;
			buildConfigurations = (
				3B1D7A24235B5E9D00BB93DB /* Debug */,
				3B1D7A25235B5E9D00BB93DB /* Release */,
			);
			defaultConfigurationIsVisible = 0;
			defaultConfigurationName = Release;
		};
		3B1D7A26235B5E9D00BB93DB /* Build configuration list for PBXNativeTarget "ReleamExampleUITests" */ = {
			isa = XCConfigurationList;
			buildConfigurations = (
				3B1D7A27235B5E9D00BB93DB /* Debug */,
				3B1D7A28235B5E9D00BB93DB /* Release */,
			);
			defaultConfigurationIsVisible = 0;
			defaultConfigurationName = Release;
		};
/* End XCConfigurationList section */
	};
	rootObject = 3B1D79EE235B5E9C00BB93DB /* Project object */;
}
